
Microsoft Visual Studio Solution File, Format Version 12.00
# Visual Studio 15
VisualStudioVersion = 15.0.28307.271
MinimumVisualStudioVersion = 10.0.40219.1
Project("{FAE04EC0-301F-11D3-BF4B-00C04F79EFBC}") = "UnattendedWindowsAuthCodeIdSrv", "UnattendedWindowsAuthCodeIdSrv\UnattendedWindowsAuthCodeIdSrv.csproj", "{5B7CA131-98DD-4615-97C4-F41DAFA14712}"
EndProject
Project("{2150E333-8FDC-42A3-9474-1A3956D46DE8}") = "Solution Items", "Solution Items", "{92823D96-25FA-42A3-B125-44129E0BE6D1}"
	ProjectSection(SolutionItems) = preProject
		.gitignore = .gitignore
	EndProjectSection
EndProject
Global
	GlobalSection(SolutionConfigurationPlatforms) = preSolution
		Debug|Any CPU = Debug|Any CPU
		Release|Any CPU = Release|Any CPU
	EndGlobalSection
	GlobalSection(ProjectConfigurationPlatforms) = postSolution
		{5B7CA131-98DD-4615-97C4-F41DAFA14712}.Debug|Any CPU.ActiveCfg = Debug|Any CPU
		{5B7CA131-98DD-4615-97C4-F41DAFA14712}.Debug|Any CPU.Build.0 = Debug|Any CPU
		{5B7CA131-98DD-4615-97C4-F41DAFA14712}.Release|Any CPU.ActiveCfg = Release|Any CPU
		{5B7CA131-98DD-4615-97C4-F41DAFA14712}.Release|Any CPU.Build.0 = Release|Any CPU
	EndGlobalSection
	GlobalSection(SolutionProperties) = preSolution
		HideSolutionNode = FALSE
	EndGlobalSection
	GlobalSection(ExtensibilityGlobals) = postSolution
		SolutionGuid = {B93634AA-66CA-46C1-A829-4BEF67D12A07}
	EndGlobalSection
EndGlobal
